{
    __meta__ = {
        version = "1.0"
    },
    ["windows|x64"] = {
        ["cmake#f56260b5"] = {
            repo = {
                branch = "master",
                commit = "822093d54b0fb3553684436e49e1e65c62a94086",
                url = "https://github.com/xmake-io/xmake-repo.git"
            },
            version = "4.3.4"
        },
        ["directxmath 2024.02#f56260b5"] = {
            repo = {
                branch = "master",
                commit = "822093d54b0fb3553684436e49e1e65c62a94086",
                url = "https://github.com/xmake-io/xmake-repo.git"
            },
            version = "2024.02"
        },
        ["directxtk 24.2.0#f56260b5"] = {
            repo = {
                branch = "master",
                commit = "822093d54b0fb3553684436e49e1e65c62a94086",
                url = "https://github.com/xmake-io/xmake-repo.git"
            },
            version = "24.2.0"
        },
        ["fuck-api 1.0.0#f56260b5"] = {
            repo = {
                url = "xmake-pkgs"
            },
            version = "1.0.0"
        },
        ["imgui#f56260b5"] = {
            repo = {
                branch = "master",
                commit = "822093d54b0fb3553684436e49e1e65c62a94086",
                url = "https://github.com/xmake-io/xmake-repo.git"
            },
            version = "v1.92.9"
        },
        ["ninja#f56260b5"] = {
            repo = {
                branch = "master",
                commit = "822093d54b0fb3553684436e49e1e65c62a94086",
                url = "https://github.com/xmake-io/xmake-repo.git"
            },
            version = "v1.13.2"
        },
        ["nlohmann_json#f56260b5"] = {
            repo = {
                branch = "master",
                commit = "822093d54b0fb3553684436e49e1e65c62a94086",
                url = "https://github.com/xmake-io/xmake-repo.git"
            },
            version = "v3.12.0"
        },
        ["rapidcsv v8.92#f56260b5"] = {
            repo = {
                branch = "master",
                commit = "822093d54b0fb3553684436e49e1e65c62a94086",
                url = "https://github.com/xmake-io/xmake-repo.git"
            },
            version = "v8.92"
        },
        ["simpleini v4.25#f56260b5"] = {
            repo = {
                branch = "master",
                commit = "822093d54b0fb3553684436e49e1e65c62a94086",
                url = "https://github.com/xmake-io/xmake-repo.git"
            },
            version = "v4.25"
        },
        ["simpleini#f56260b5"] = {
            repo = {
                branch = "master",
                commit = "822093d54b0fb3553684436e49e1e65c62a94086",
                url = "https://github.com/xmake-io/xmake-repo.git"
            },
            version = "v4.26"
        },
        ["skse-menu-framework-api 3.7.0#f56260b5"] = {
            repo = {
                url = "xmake-pkgs"
            },
            version = "3.7.0"
        },
        ["spdlog v1.16.0#09c8c173"] = {
            repo = {
                branch = "master",
                commit = "822093d54b0fb3553684436e49e1e65c62a94086",
                url = "https://github.com/xmake-io/xmake-repo.git"
            },
            version = "v1.16.0"
        },
        ["stb#f56260b5"] = {
            repo = {
                branch = "master",
                commit = "822093d54b0fb3553684436e49e1e65c62a94086",
                url = "https://github.com/xmake-io/xmake-repo.git"
            },
            version = "2026.03.18"
        },
        ["xbyak v7.06#f56260b5"] = {
            repo = {
                branch = "master",
                commit = "822093d54b0fb3553684436e49e1e65c62a94086",
                url = "https://github.com/xmake-io/xmake-repo.git"
            },
            version = "v7.06"
        }
    }
}